{
  "lockfile_version": "1",
  "packages": {
    "buf@1.50.0": {
      "last_modified": "2025-03-10T22:48:28Z",
      "resolved": "github:NixOS/nixpkgs/ab0c5b18dab5e4b5d06ed679f8fd7cdc9970c4be#buf",
      "source": "devbox-search",
      "version": "1.50.0",
      "systems": {
        "aarch64-darwin": {
          "outputs": [
            {
              "name": "out",
              "path": "/nix/store/yxk4vv1h5by4wnz443qk1gcv314fp4vb-buf-1.50.0",
              "default": true
            }
          ],
          "store_path": "/nix/store/yxk4vv1h5by4wnz443qk1gcv314fp4vb-buf-1.50.0"
        },
        "aarch64-linux": {
          "outputs": [
            {
              "name": "out",
              "path": "/nix/store/1s30c46hvv5vvjfq2h4j1d7pjygr767y-buf-1.50.0",
              "default": true
            }
          ],
          "store_path": "/nix/store/1s30c46hvv5vvjfq2h4j1d7pjygr767y-buf-1.50.0"
        },
        "x86_64-darwin": {
          "outputs": [
            {
              "name": "out",
              "path": "/nix/store/szpzlnrkyxyzarafqwrs2a7gr20d47xq-buf-1.50.0",
              "default": true
            }
          ],
          "store_path": "/nix/store/szpzlnrkyxyzarafqwrs2a7gr20d47xq-buf-1.50.0"
        },
        "x86_64-linux": {
          "outputs": [
            {
              "name": "out",
              "path": "/nix/store/cwfav993j32i48nkm1sc7s4h2v6qflzw-buf-1.50.0",
              "default": true
            }
          ],
          "store_path": "/nix/store/cwfav993j32i48nkm1sc7s4h2v6qflzw-buf-1.50.0"
        }
      }
    },
    "docker@latest": {
      "last_modified": "2025-03-16T16:17:41Z",
      "resolved": "github:NixOS/nixpkgs/8f76cf16b17c51ae0cc8e55488069593f6dab645#docker",
      "source": "devbox-search",
      "version": "27.5.1",
      "systems": {
        "aarch64-darwin": {
          "outputs": [
            {
              "name": "out",
              "path": "/nix/store/i9h5shp9wsfg8a1zq77m7sa5ym6gynx7-docker-27.5.1",
              "default": true
            }
          ],
          "store_path": "/nix/store/i9h5shp9wsfg8a1zq77m7sa5ym6gynx7-docker-27.5.1"
        },
        "aarch64-linux": {
          "outputs": [
            {
              "name": "out",
              "path": "/nix/store/5rqxkvdi9a795dpzdbimd6j7b3a6hakc-docker-27.5.1",
              "default": true
            }
          ],
          "store_path": "/nix/store/5rqxkvdi9a795dpzdbimd6j7b3a6hakc-docker-27.5.1"
        },
        "x86_64-darwin": {
          "outputs": [
            {
              "name": "out",
              "path": "/nix/store/qfrfjbcvah6p3pnvg297a8agv56prvzs-docker-27.5.1",
              "default": true
            }
          ],
          "store_path": "/nix/store/qfrfjbcvah6p3pnvg297a8agv56prvzs-docker-27.5.1"
        },
        "x86_64-linux": {
          "outputs": [
            {
              "name": "out",
              "path": "/nix/store/cwh08cz8yy943j913dnxc1r2j03qqbqk-docker-27.5.1",
              "default": true
            }
          ],
          "store_path": "/nix/store/cwh08cz8yy943j913dnxc1r2j03qqbqk-docker-27.5.1"
        }
      }
    },
    "github:NixOS/nixpkgs/nixpkgs-unstable": {
      "resolved": "github:NixOS/nixpkgs/3549532663732bfd89993204d40543e9edaec4f2?lastModified=1742272065&narHash=sha256-ud8vcSzJsZ%2FCK%2Br8%2Fv0lyf4yUntVmDq6Z0A41ODfWbE%3D"
    }
  }
}
