{
  "lockfile_version": "1",
  "packages": {
    "buf@1.50.0": {
      "last_modified": "2025-02-07T11:26:36Z",
      "resolved": "github:NixOS/nixpkgs/d98abf5cf5914e5e4e9d57205e3af55ca90ffc1d#buf",
      "source": "devbox-search",
      "version": "1.50.0",
      "systems": {
        "aarch64-darwin": {
          "outputs": [
            {
              "name": "out",
              "path": "/nix/store/z3zh7ik0234jjzmzrf8s75jcn4bl7iln-buf-1.50.0",
              "default": true
            }
          ],
          "store_path": "/nix/store/z3zh7ik0234jjzmzrf8s75jcn4bl7iln-buf-1.50.0"
        },
        "aarch64-linux": {
          "outputs": [
            {
              "name": "out",
              "path": "/nix/store/drp9ix6dppvlb83ys2q4127gsccjqw5y-buf-1.50.0",
              "default": true
            }
          ],
          "store_path": "/nix/store/drp9ix6dppvlb83ys2q4127gsccjqw5y-buf-1.50.0"
        },
        "x86_64-darwin": {
          "outputs": [
            {
              "name": "out",
              "path": "/nix/store/jmk9rp189ab0q7g1lk2w32mn54iczq4b-buf-1.50.0",
              "default": true
            }
          ],
          "store_path": "/nix/store/jmk9rp189ab0q7g1lk2w32mn54iczq4b-buf-1.50.0"
        },
        "x86_64-linux": {
          "outputs": [
            {
              "name": "out",
              "path": "/nix/store/a8lkf21x673b56wap5yi53g7p4138w98-buf-1.50.0",
              "default": true
            }
          ],
          "store_path": "/nix/store/a8lkf21x673b56wap5yi53g7p4138w98-buf-1.50.0"
        }
      }
    },
    "docker@latest": {
      "last_modified": "2025-01-31T04:26:24Z",
      "resolved": "github:NixOS/nixpkgs/9189ac18287c599860e878e905da550aa6dec1cd#docker",
      "source": "devbox-search",
      "version": "27.5.1",
      "systems": {
        "aarch64-darwin": {
          "outputs": [
            {
              "name": "out",
              "path": "/nix/store/11c4wdv8m1pxrg6ymd5pwq6zw326wskk-docker-27.5.1",
              "default": true
            }
          ],
          "store_path": "/nix/store/11c4wdv8m1pxrg6ymd5pwq6zw326wskk-docker-27.5.1"
        },
        "aarch64-linux": {
          "outputs": [
            {
              "name": "out",
              "path": "/nix/store/ksmj926px4bm84klmvmq10zi5dhdv57i-docker-27.5.1",
              "default": true
            }
          ],
          "store_path": "/nix/store/ksmj926px4bm84klmvmq10zi5dhdv57i-docker-27.5.1"
        },
        "x86_64-darwin": {
          "outputs": [
            {
              "name": "out",
              "path": "/nix/store/jdpzzccq8a9rajiqgjz58snjvbpg784m-docker-27.5.1",
              "default": true
            }
          ],
          "store_path": "/nix/store/jdpzzccq8a9rajiqgjz58snjvbpg784m-docker-27.5.1"
        },
        "x86_64-linux": {
          "outputs": [
            {
              "name": "out",
              "path": "/nix/store/jnzrrks201f2abb205zs0n5dddj7az9r-docker-27.5.1",
              "default": true
            }
          ],
          "store_path": "/nix/store/jnzrrks201f2abb205zs0n5dddj7az9r-docker-27.5.1"
        }
      }
    },
    "github:NixOS/nixpkgs/nixpkgs-unstable": {
      "resolved": "github:NixOS/nixpkgs/1dcdd535fef84d4671129a10e7072d56dca9a4d3?lastModified=1739667012&narHash=sha256-6QWdUgz2O2Mm%2BpYx%2FAYB4Rot5%2Fs1OR1C6bt30TI81yY%3D"
    },
    "go@1.23.1": {
      "last_modified": "2024-09-10T15:01:03Z",
      "resolved": "github:NixOS/nixpkgs/5ed627539ac84809c78b2dd6d26a5cebeb5ae269#go_1_23",
      "source": "devbox-search",
      "version": "1.23.1",
      "systems": {
        "aarch64-darwin": {
          "outputs": [
            {
              "name": "out",
              "path": "/nix/store/nvaay1c4banbccyvv6ba1gzyqpypjmfq-go-1.23.1",
              "default": true
            }
          ],
          "store_path": "/nix/store/nvaay1c4banbccyvv6ba1gzyqpypjmfq-go-1.23.1"
        },
        "aarch64-linux": {
          "outputs": [
            {
              "name": "out",
              "path": "/nix/store/9ylsay11jb3p6yarkmlz0fin76cdypwa-go-1.23.1",
              "default": true
            }
          ],
          "store_path": "/nix/store/9ylsay11jb3p6yarkmlz0fin76cdypwa-go-1.23.1"
        },
        "x86_64-darwin": {
          "outputs": [
            {
              "name": "out",
              "path": "/nix/store/zkg5xhyx2rs03dq0qp14nqlx9ff1y5c5-go-1.23.1",
              "default": true
            }
          ],
          "store_path": "/nix/store/zkg5xhyx2rs03dq0qp14nqlx9ff1y5c5-go-1.23.1"
        },
        "x86_64-linux": {
          "outputs": [
            {
              "name": "out",
              "path": "/nix/store/mi0ybwsm6pmxzv9hsm6bcbqaq1pkf8wh-go-1.23.1",
              "default": true
            }
          ],
          "store_path": "/nix/store/mi0ybwsm6pmxzv9hsm6bcbqaq1pkf8wh-go-1.23.1"
        }
      }
    }
  }
}
